
Microsoft Visual Studio Solution File, Format Version 12.00
# Visual Studio Version 17
VisualStudioVersion = 17.5.33414.496
MinimumVisualStudioVersion = 10.0.40219.1
Project("{FAE04EC0-301F-11D3-BF4B-00C04F79EFBC}") = "modul8_1302210049", "modul8_1302210049\modul8_1302210049.csproj", "{4934E447-FC77-47B8-BEE3-44B82A829E17}"
EndProject
Global
	GlobalSection(SolutionConfigurationPlatforms) = preSolution
		Debug|Any CPU = Debug|Any CPU
		Release|Any CPU = Release|Any CPU
	EndGlobalSection
	GlobalSection(ProjectConfigurationPlatforms) = postSolution
		{4934E447-FC77-47B8-BEE3-44B82A829E17}.Debug|Any CPU.ActiveCfg = Debug|Any CPU
		{4934E447-FC77-47B8-BEE3-44B82A829E17}.Debug|Any CPU.Build.0 = Debug|Any CPU
		{4934E447-FC77-47B8-BEE3-44B82A829E17}.Release|Any CPU.ActiveCfg = Release|Any CPU
		{4934E447-FC77-47B8-BEE3-44B82A829E17}.Release|Any CPU.Build.0 = Release|Any CPU
	EndGlobalSection
	GlobalSection(SolutionProperties) = preSolution
		HideSolutionNode = FALSE
	EndGlobalSection
	GlobalSection(ExtensibilityGlobals) = postSolution
		SolutionGuid = {96E2A2A2-FD1C-44F6-ABEA-1A1862D288E0}
	EndGlobalSection
EndGlobal
